
Microsoft Visual Studio Solution File, Format Version 12.00
# Visual Studio Version 17
VisualStudioVersion = 17.0.31903.59
MinimumVisualStudioVersion = 10.0.40219.1
Project("{2150E333-8FDC-42A3-9474-1A3956D46DE8}") = "BookingService", "BookingService", "{3E46B3F5-74EE-4A65-BD15-05F0BF8EF7F6}"
EndProject
Project("{2150E333-8FDC-42A3-9474-1A3956D46DE8}") = "PaymentService", "PaymentService", "{3E499E7F-5F4E-45F5-9F5E-A55252E7D224}"
EndProject
Project("{2150E333-8FDC-42A3-9474-1A3956D46DE8}") = "Core", "Core", "{739383A2-2699-4C9C-8ACF-48189875D7C6}"
EndProject
Project("{2150E333-8FDC-42A3-9474-1A3956D46DE8}") = "Domain", "Domain", "{F76E8014-954B-404A-AD07-57FC3E408BB8}"
EndProject
Project("{2150E333-8FDC-42A3-9474-1A3956D46DE8}") = "Application", "Application", "{463052A1-2530-4B9F-B9B4-0480350B688D}"
EndProject
Project("{2150E333-8FDC-42A3-9474-1A3956D46DE8}") = "Adapters", "Adapters", "{D3270139-197D-4CB2-AF33-43C73E19209F}"
EndProject
Project("{2150E333-8FDC-42A3-9474-1A3956D46DE8}") = "Consumers", "Consumers", "{E4EAC603-120B-4C6B-97D8-69900FA64770}"
EndProject
Project("{2150E333-8FDC-42A3-9474-1A3956D46DE8}") = "Tests", "Tests", "{228B5F1E-D18E-44CF-A728-24AD4C528BE3}"
EndProject
Project("{2150E333-8FDC-42A3-9474-1A3956D46DE8}") = "Domain", "Domain", "{8301CCCE-44D9-4D78-824F-ADDF03C8FE49}"
EndProject
Project("{2150E333-8FDC-42A3-9474-1A3956D46DE8}") = "Application", "Application", "{066AE35D-22BF-4623-B9FE-10BC58A53755}"
EndProject
Project("{2150E333-8FDC-42A3-9474-1A3956D46DE8}") = "Adapters", "Adapters", "{469796D9-6841-40C7-B07C-5787C390CE72}"
EndProject
Project("{9A19103F-16F7-4668-BE54-9A1E7A4F7556}") = "DomainTests", "BookingService\Tests\Domain\DomainTests\DomainTests.csproj", "{675D688C-2C4E-4452-9A9C-605ABC38736C}"
EndProject
Project("{9A19103F-16F7-4668-BE54-9A1E7A4F7556}") = "ApplicationTests", "BookingService\Tests\Application\ApplicationTests\ApplicationTests.csproj", "{336A2FFD-CB91-4932-9CA9-FA405527787A}"
EndProject
Project("{9A19103F-16F7-4668-BE54-9A1E7A4F7556}") = "AdaptersTests", "BookingService\Tests\Adapters\AdaptersTests\AdaptersTests.csproj", "{C994CD75-D5DC-417B-B84E-EE44565B2FC5}"
EndProject
Project("{9A19103F-16F7-4668-BE54-9A1E7A4F7556}") = "API", "BookingService\Consumers\API\API.csproj", "{72A1835B-0618-48D4-A8CF-619639BEFA8E}"
EndProject
Project("{9A19103F-16F7-4668-BE54-9A1E7A4F7556}") = "Data", "BookingService\Adapters\Data\Data.csproj", "{9E63BC40-ACBE-4C56-A90C-C0EEE0D4E7EB}"
EndProject
Project("{9A19103F-16F7-4668-BE54-9A1E7A4F7556}") = "Application", "BookingService\Core\Application\Application.csproj", "{F2BF86D8-2FD5-403F-9C19-637D7FE7D4F6}"
EndProject
Project("{9A19103F-16F7-4668-BE54-9A1E7A4F7556}") = "Domain", "BookingService\Core\Domain\Domain.csproj", "{C28C270D-C955-42D8-B5B8-FE52600362F8}"
EndProject
Project("{2150E333-8FDC-42A3-9474-1A3956D46DE8}") = "Core", "Core", "{1B1058F9-E64A-418B-8107-C556B3055BFA}"
EndProject
Project("{2150E333-8FDC-42A3-9474-1A3956D46DE8}") = "Application", "Application", "{EDA72FD8-BE04-4A58-BE62-4A2A20508ADD}"
EndProject
Project("{2150E333-8FDC-42A3-9474-1A3956D46DE8}") = "Domain", "Domain", "{0A3B7789-8729-4163-9639-D871AEB95FFA}"
EndProject
Project("{FAE04EC0-301F-11D3-BF4B-00C04F79EFBC}") = "Payments.Application", "PaymentService\core\Application\Application\Payments.Application.csproj", "{7CE8A4D1-C548-4F26-ACD8-7A9A262B68A1}"
EndProject
Project("{FAE04EC0-301F-11D3-BF4B-00C04F79EFBC}") = "Payments.UnitTests", "PaymentService\Payments.UnitTests\Payments.UnitTests.csproj", "{2F3B56DA-A37E-434C-906D-05C1387F20AC}"
EndProject
Global
	GlobalSection(SolutionConfigurationPlatforms) = preSolution
		Debug|Any CPU = Debug|Any CPU
		Release|Any CPU = Release|Any CPU
	EndGlobalSection
	GlobalSection(ProjectConfigurationPlatforms) = postSolution
		{675D688C-2C4E-4452-9A9C-605ABC38736C}.Debug|Any CPU.ActiveCfg = Debug|Any CPU
		{675D688C-2C4E-4452-9A9C-605ABC38736C}.Debug|Any CPU.Build.0 = Debug|Any CPU
		{675D688C-2C4E-4452-9A9C-605ABC38736C}.Release|Any CPU.ActiveCfg = Release|Any CPU
		{675D688C-2C4E-4452-9A9C-605ABC38736C}.Release|Any CPU.Build.0 = Release|Any CPU
		{336A2FFD-CB91-4932-9CA9-FA405527787A}.Debug|Any CPU.ActiveCfg = Debug|Any CPU
		{336A2FFD-CB91-4932-9CA9-FA405527787A}.Debug|Any CPU.Build.0 = Debug|Any CPU
		{336A2FFD-CB91-4932-9CA9-FA405527787A}.Release|Any CPU.ActiveCfg = Release|Any CPU
		{336A2FFD-CB91-4932-9CA9-FA405527787A}.Release|Any CPU.Build.0 = Release|Any CPU
		{C994CD75-D5DC-417B-B84E-EE44565B2FC5}.Debug|Any CPU.ActiveCfg = Debug|Any CPU
		{C994CD75-D5DC-417B-B84E-EE44565B2FC5}.Debug|Any CPU.Build.0 = Debug|Any CPU
		{C994CD75-D5DC-417B-B84E-EE44565B2FC5}.Release|Any CPU.ActiveCfg = Release|Any CPU
		{C994CD75-D5DC-417B-B84E-EE44565B2FC5}.Release|Any CPU.Build.0 = Release|Any CPU
		{72A1835B-0618-48D4-A8CF-619639BEFA8E}.Debug|Any CPU.ActiveCfg = Debug|Any CPU
		{72A1835B-0618-48D4-A8CF-619639BEFA8E}.Debug|Any CPU.Build.0 = Debug|Any CPU
		{72A1835B-0618-48D4-A8CF-619639BEFA8E}.Release|Any CPU.ActiveCfg = Release|Any CPU
		{72A1835B-0618-48D4-A8CF-619639BEFA8E}.Release|Any CPU.Build.0 = Release|Any CPU
		{9E63BC40-ACBE-4C56-A90C-C0EEE0D4E7EB}.Debug|Any CPU.ActiveCfg = Debug|Any CPU
		{9E63BC40-ACBE-4C56-A90C-C0EEE0D4E7EB}.Debug|Any CPU.Build.0 = Debug|Any CPU
		{9E63BC40-ACBE-4C56-A90C-C0EEE0D4E7EB}.Release|Any CPU.ActiveCfg = Release|Any CPU
		{9E63BC40-ACBE-4C56-A90C-C0EEE0D4E7EB}.Release|Any CPU.Build.0 = Release|Any CPU
		{F2BF86D8-2FD5-403F-9C19-637D7FE7D4F6}.Debug|Any CPU.ActiveCfg = Debug|Any CPU
		{F2BF86D8-2FD5-403F-9C19-637D7FE7D4F6}.Debug|Any CPU.Build.0 = Debug|Any CPU
		{F2BF86D8-2FD5-403F-9C19-637D7FE7D4F6}.Release|Any CPU.ActiveCfg = Release|Any CPU
		{F2BF86D8-2FD5-403F-9C19-637D7FE7D4F6}.Release|Any CPU.Build.0 = Release|Any CPU
		{C28C270D-C955-42D8-B5B8-FE52600362F8}.Debug|Any CPU.ActiveCfg = Debug|Any CPU
		{C28C270D-C955-42D8-B5B8-FE52600362F8}.Debug|Any CPU.Build.0 = Debug|Any CPU
		{C28C270D-C955-42D8-B5B8-FE52600362F8}.Release|Any CPU.ActiveCfg = Release|Any CPU
		{C28C270D-C955-42D8-B5B8-FE52600362F8}.Release|Any CPU.Build.0 = Release|Any CPU
		{7CE8A4D1-C548-4F26-ACD8-7A9A262B68A1}.Debug|Any CPU.ActiveCfg = Debug|Any CPU
		{7CE8A4D1-C548-4F26-ACD8-7A9A262B68A1}.Debug|Any CPU.Build.0 = Debug|Any CPU
		{7CE8A4D1-C548-4F26-ACD8-7A9A262B68A1}.Release|Any CPU.ActiveCfg = Release|Any CPU
		{7CE8A4D1-C548-4F26-ACD8-7A9A262B68A1}.Release|Any CPU.Build.0 = Release|Any CPU
		{2F3B56DA-A37E-434C-906D-05C1387F20AC}.Debug|Any CPU.ActiveCfg = Debug|Any CPU
		{2F3B56DA-A37E-434C-906D-05C1387F20AC}.Debug|Any CPU.Build.0 = Debug|Any CPU
		{2F3B56DA-A37E-434C-906D-05C1387F20AC}.Release|Any CPU.ActiveCfg = Release|Any CPU
		{2F3B56DA-A37E-434C-906D-05C1387F20AC}.Release|Any CPU.Build.0 = Release|Any CPU
	EndGlobalSection
	GlobalSection(SolutionProperties) = preSolution
		HideSolutionNode = FALSE
	EndGlobalSection
	GlobalSection(NestedProjects) = preSolution
		{739383A2-2699-4C9C-8ACF-48189875D7C6} = {3E46B3F5-74EE-4A65-BD15-05F0BF8EF7F6}
		{F76E8014-954B-404A-AD07-57FC3E408BB8} = {739383A2-2699-4C9C-8ACF-48189875D7C6}
		{463052A1-2530-4B9F-B9B4-0480350B688D} = {739383A2-2699-4C9C-8ACF-48189875D7C6}
		{D3270139-197D-4CB2-AF33-43C73E19209F} = {3E46B3F5-74EE-4A65-BD15-05F0BF8EF7F6}
		{E4EAC603-120B-4C6B-97D8-69900FA64770} = {3E46B3F5-74EE-4A65-BD15-05F0BF8EF7F6}
		{228B5F1E-D18E-44CF-A728-24AD4C528BE3} = {3E46B3F5-74EE-4A65-BD15-05F0BF8EF7F6}
		{8301CCCE-44D9-4D78-824F-ADDF03C8FE49} = {228B5F1E-D18E-44CF-A728-24AD4C528BE3}
		{066AE35D-22BF-4623-B9FE-10BC58A53755} = {228B5F1E-D18E-44CF-A728-24AD4C528BE3}
		{469796D9-6841-40C7-B07C-5787C390CE72} = {228B5F1E-D18E-44CF-A728-24AD4C528BE3}
		{675D688C-2C4E-4452-9A9C-605ABC38736C} = {8301CCCE-44D9-4D78-824F-ADDF03C8FE49}
		{336A2FFD-CB91-4932-9CA9-FA405527787A} = {066AE35D-22BF-4623-B9FE-10BC58A53755}
		{C994CD75-D5DC-417B-B84E-EE44565B2FC5} = {469796D9-6841-40C7-B07C-5787C390CE72}
		{72A1835B-0618-48D4-A8CF-619639BEFA8E} = {E4EAC603-120B-4C6B-97D8-69900FA64770}
		{9E63BC40-ACBE-4C56-A90C-C0EEE0D4E7EB} = {D3270139-197D-4CB2-AF33-43C73E19209F}
		{F2BF86D8-2FD5-403F-9C19-637D7FE7D4F6} = {463052A1-2530-4B9F-B9B4-0480350B688D}
		{C28C270D-C955-42D8-B5B8-FE52600362F8} = {F76E8014-954B-404A-AD07-57FC3E408BB8}
		{1B1058F9-E64A-418B-8107-C556B3055BFA} = {3E499E7F-5F4E-45F5-9F5E-A55252E7D224}
		{EDA72FD8-BE04-4A58-BE62-4A2A20508ADD} = {1B1058F9-E64A-418B-8107-C556B3055BFA}
		{0A3B7789-8729-4163-9639-D871AEB95FFA} = {1B1058F9-E64A-418B-8107-C556B3055BFA}
		{7CE8A4D1-C548-4F26-ACD8-7A9A262B68A1} = {EDA72FD8-BE04-4A58-BE62-4A2A20508ADD}
		{2F3B56DA-A37E-434C-906D-05C1387F20AC} = {3E499E7F-5F4E-45F5-9F5E-A55252E7D224}
	EndGlobalSection
	GlobalSection(ExtensibilityGlobals) = postSolution
		SolutionGuid = {0EA22528-B7A6-4957-9A57-D2BA8D40E259}
	EndGlobalSection
EndGlobal
